
Microsoft Visual Studio Solution File, Format Version 12.00
# Visual Studio Version 16
VisualStudioVersion = 16.0.31105.61
MinimumVisualStudioVersion = 10.0.40219.1
Project("{FAE04EC0-301F-11D3-BF4B-00C04F79EFBC}") = "MovieLibrary.Data", "MovieLibrary.Data\MovieLibrary.Data.csproj", "{609DFB93-C98E-4711-BC5F-41B595B81A8D}"
EndProject
Project("{FAE04EC0-301F-11D3-BF4B-00C04F79EFBC}") = "MovieLibrary.Core", "MovieLibrary.Core\MovieLibrary.Core.csproj", "{71F246B6-F57E-4CE1-98BB-490EF3213A96}"
EndProject
Project("{FAE04EC0-301F-11D3-BF4B-00C04F79EFBC}") = "MovieLibrary.Api", "MovieLibrary.Api\MovieLibrary.Api.csproj", "{22F2CD20-DD7E-413D-AC88-4EADCC2E6544}"
EndProject
Global
	GlobalSection(SolutionConfigurationPlatforms) = preSolution
		Debug|Any CPU = Debug|Any CPU
		Release|Any CPU = Release|Any CPU
	EndGlobalSection
	GlobalSection(ProjectConfigurationPlatforms) = postSolution
		{609DFB93-C98E-4711-BC5F-41B595B81A8D}.Debug|Any CPU.ActiveCfg = Debug|Any CPU
		{609DFB93-C98E-4711-BC5F-41B595B81A8D}.Debug|Any CPU.Build.0 = Debug|Any CPU
		{609DFB93-C98E-4711-BC5F-41B595B81A8D}.Release|Any CPU.ActiveCfg = Release|Any CPU
		{609DFB93-C98E-4711-BC5F-41B595B81A8D}.Release|Any CPU.Build.0 = Release|Any CPU
		{71F246B6-F57E-4CE1-98BB-490EF3213A96}.Debug|Any CPU.ActiveCfg = Debug|Any CPU
		{71F246B6-F57E-4CE1-98BB-490EF3213A96}.Debug|Any CPU.Build.0 = Debug|Any CPU
		{71F246B6-F57E-4CE1-98BB-490EF3213A96}.Release|Any CPU.ActiveCfg = Release|Any CPU
		{71F246B6-F57E-4CE1-98BB-490EF3213A96}.Release|Any CPU.Build.0 = Release|Any CPU
		{22F2CD20-DD7E-413D-AC88-4EADCC2E6544}.Debug|Any CPU.ActiveCfg = Debug|Any CPU
		{22F2CD20-DD7E-413D-AC88-4EADCC2E6544}.Debug|Any CPU.Build.0 = Debug|Any CPU
		{22F2CD20-DD7E-413D-AC88-4EADCC2E6544}.Release|Any CPU.ActiveCfg = Release|Any CPU
		{22F2CD20-DD7E-413D-AC88-4EADCC2E6544}.Release|Any CPU.Build.0 = Release|Any CPU
	EndGlobalSection
	GlobalSection(SolutionProperties) = preSolution
		HideSolutionNode = FALSE
	EndGlobalSection
	GlobalSection(ExtensibilityGlobals) = postSolution
		SolutionGuid = {E8D2A69D-A22E-4B98-9EFB-B4251B6CB04C}
	EndGlobalSection
EndGlobal
